
Microsoft Visual Studio Solution File, Format Version 12.00
# Visual Studio Version 17
VisualStudioVersion = 17.4.33205.214
MinimumVisualStudioVersion = 10.0.40219.1
Project("{FAE04EC0-301F-11D3-BF4B-00C04F79EFBC}") = "PartyInvites", "PartyInvites.csproj", "{B01EA0C2-8E9C-49E6-B038-DD1D66C64356}"
EndProject
Global
	GlobalSection(SolutionConfigurationPlatforms) = preSolution
		Debug|Any CPU = Debug|Any CPU
		Release|Any CPU = Release|Any CPU
	EndGlobalSection
	GlobalSection(ProjectConfigurationPlatforms) = postSolution
		{B01EA0C2-8E9C-49E6-B038-DD1D66C64356}.Debug|Any CPU.ActiveCfg = Debug|Any CPU
		{B01EA0C2-8E9C-49E6-B038-DD1D66C64356}.Debug|Any CPU.Build.0 = Debug|Any CPU
		{B01EA0C2-8E9C-49E6-B038-DD1D66C64356}.Release|Any CPU.ActiveCfg = Release|Any CPU
		{B01EA0C2-8E9C-49E6-B038-DD1D66C64356}.Release|Any CPU.Build.0 = Release|Any CPU
	EndGlobalSection
	GlobalSection(SolutionProperties) = preSolution
		HideSolutionNode = FALSE
	EndGlobalSection
	GlobalSection(ExtensibilityGlobals) = postSolution
		SolutionGuid = {77A9FC95-076E-49A6-9287-2AB1DC4C6F65}
	EndGlobalSection
EndGlobal
